// !$*UTF8*$!
{
	archiveVersion = 1;
	classes = {
	};
	objectVersion = 46;
	objects = {

/* Begin PBXBuildFile section */
		046560BC1FC4B1D80010B037 /* ConversationDetailViewControllerProtocol.swift in Sources */ = {isa = PBXBuildFile; fileRef = 046560BB1FC4B1D80010B037 /* ConversationDetailViewControllerProtocol.swift */; };
		046560BF1FC4B3EB0010B037 /* ConversationListingViewControllerProtocol.swift in Sources */ = {isa = PBXBuildFile; fileRef = 046560BE1FC4B3EB0010B037 /* ConversationListingViewControllerProtocol.swift */; };
		04EC9FB91FC373BD00F3C42A /* Message+CoreDataClass.swift in Sources */ = {isa = PBXBuildFile; fileRef = 04EC9FB31FC371F000F3C42A /* Message+CoreDataClass.swift */; };
		04EC9FBA1FC373C500F3C42A /* Message+CoreDataProperties.swift in Sources */ = {isa = PBXBuildFile; fileRef = 04EC9FB41FC371F000F3C42A /* Message+CoreDataProperties.swift */; };
		04EC9FBB1FC373C500F3C42A /* User+CoreDataClass.swift in Sources */ = {isa = PBXBuildFile; fileRef = 04EC9FB11FC371D300F3C42A /* User+CoreDataClass.swift */; };
		04EC9FBC1FC373C500F3C42A /* User+CoreDataProperties.swift in Sources */ = {isa = PBXBuildFile; fileRef = 04EC9FB21FC371D300F3C42A /* User+CoreDataProperties.swift */; };
		04EC9FBD1FC373C500F3C42A /* Conversation+CoreDataClass.swift in Sources */ = {isa = PBXBuildFile; fileRef = 04EC9FB01FC371C000F3C42A /* Conversation+CoreDataClass.swift */; };
		04EC9FBE1FC373C500F3C42A /* Conversation+CoreDataProperties.swift in Sources */ = {isa = PBXBuildFile; fileRef = 04EC9FAF1FC371C000F3C42A /* Conversation+CoreDataProperties.swift */; };
		04EC9FBF1FC373CA00F3C42A /* Default-568h@2x.png in Resources */ = {isa = PBXBuildFile; fileRef = 04EC9FB81FC3728F00F3C42A /* Default-568h@2x.png */; };
		04EC9FC01FC373D200F3C42A /* Checkbox.swift in Sources */ = {isa = PBXBuildFile; fileRef = 04EC9FB71FC3724700F3C42A /* Checkbox.swift */; };
		1ADE9F7E1EF98E48006C2CAC /* AppDelegate.swift in Sources */ = {isa = PBXBuildFile; fileRef = 1ADE9F7D1EF98E48006C2CAC /* AppDelegate.swift */; };
		1ADE9F861EF98E49006C2CAC /* Inbox.xcdatamodeld in Sources */ = {isa = PBXBuildFile; fileRef = 1ADE9F841EF98E49006C2CAC /* Inbox.xcdatamodeld */; };
		1ADE9F881EF98E4A006C2CAC /* Assets.xcassets in Resources */ = {isa = PBXBuildFile; fileRef = 1ADE9F871EF98E4A006C2CAC /* Assets.xcassets */; };
		1ADE9F991EF98EBB006C2CAC /* SplashViewController.swift in Sources */ = {isa = PBXBuildFile; fileRef = 1ADE9F981EF98EBB006C2CAC /* SplashViewController.swift */; };
		1ADE9F9B1EF98ED9006C2CAC /* Splash.storyboard in Resources */ = {isa = PBXBuildFile; fileRef = 1ADE9F9A1EF98ED9006C2CAC /* Splash.storyboard */; };
		1ADE9F9E1EF98F8E006C2CAC /* LoginViewController.swift in Sources */ = {isa = PBXBuildFile; fileRef = 1ADE9F9D1EF98F8E006C2CAC /* LoginViewController.swift */; };
		1ADE9FA01EF98F9E006C2CAC /* Login.storyboard in Resources */ = {isa = PBXBuildFile; fileRef = 1ADE9F9F1EF98F9E006C2CAC /* Login.storyboard */; };
		1ADE9FAE1EF99E9F006C2CAC /* InboxTableViewCell.swift in Sources */ = {isa = PBXBuildFile; fileRef = 1ADE9FAC1EF99E9F006C2CAC /* InboxTableViewCell.swift */; };
		1ADE9FAF1EF99E9F006C2CAC /* InboxTableViewCell.xib in Resources */ = {isa = PBXBuildFile; fileRef = 1ADE9FAD1EF99E9F006C2CAC /* InboxTableViewCell.xib */; };
		1ADE9FB81EF9A5AE006C2CAC /* MessageTableViewDataSource.swift in Sources */ = {isa = PBXBuildFile; fileRef = 1ADE9FB71EF9A5AE006C2CAC /* MessageTableViewDataSource.swift */; };
		1ADE9FBA1EF9A821006C2CAC /* InboxTableViewDataSource.swift in Sources */ = {isa = PBXBuildFile; fileRef = 1ADE9FB91EF9A821006C2CAC /* InboxTableViewDataSource.swift */; };
		1ADE9FBC1EF9AA84006C2CAC /* WebManager.swift in Sources */ = {isa = PBXBuildFile; fileRef = 1ADE9FBB1EF9AA84006C2CAC /* WebManager.swift */; };
		1ADE9FC21EF9AD63006C2CAC /* JsonPrinting.swift in Sources */ = {isa = PBXBuildFile; fileRef = 1ADE9FC11EF9AD63006C2CAC /* JsonPrinting.swift */; };
		1AFB4A551FC32EED001EC4D5 /* ConversationListingViewController.swift in Sources */ = {isa = PBXBuildFile; fileRef = 1AFB4A541FC32EED001EC4D5 /* ConversationListingViewController.swift */; };
		1AFB4A581FC32F1E001EC4D5 /* ConversationDetailViewController.swift in Sources */ = {isa = PBXBuildFile; fileRef = 1AFB4A571FC32F1D001EC4D5 /* ConversationDetailViewController.swift */; };
		1AFB4A5B1FC32FD1001EC4D5 /* HomeViewController.swift in Sources */ = {isa = PBXBuildFile; fileRef = 1AFB4A5A1FC32FD1001EC4D5 /* HomeViewController.swift */; };
		1AFB4A5D1FC32FFD001EC4D5 /* Home.storyboard in Resources */ = {isa = PBXBuildFile; fileRef = 1AFB4A5C1FC32FFD001EC4D5 /* Home.storyboard */; };
		1AFB4A5F1FC33026001EC4D5 /* ConversationListing.storyboard in Resources */ = {isa = PBXBuildFile; fileRef = 1AFB4A5E1FC33026001EC4D5 /* ConversationListing.storyboard */; };
		1AFB4A611FC3303E001EC4D5 /* ConversationDetail.storyboard in Resources */ = {isa = PBXBuildFile; fileRef = 1AFB4A601FC3303E001EC4D5 /* ConversationDetail.storyboard */; };
		750FE3D31F28775D0018E863 /* IQButtonBarArrowRight@2x.png in Resources */ = {isa = PBXBuildFile; fileRef = 750FE3D21F28775D0018E863 /* IQButtonBarArrowRight@2x.png */; };
		7518E3921EFDB01A00EF059F /* ChatTableViewCell.m in Sources */ = {isa = PBXBuildFile; fileRef = 7518E38F1EFDB01A00EF059F /* ChatTableViewCell.m */; };
		7518E3931EFDB01A00EF059F /* ChatCellSettings.m in Sources */ = {isa = PBXBuildFile; fileRef = 7518E3911EFDB01A00EF059F /* ChatCellSettings.m */; };
		752CE43B1F27E24900FCC976 /* IQBarButtonItem.swift in Sources */ = {isa = PBXBuildFile; fileRef = 752CE4241F27E24900FCC976 /* IQBarButtonItem.swift */; };
		752CE43C1F27E24900FCC976 /* IQButtonBarArrowDown@2x.png in Resources */ = {isa = PBXBuildFile; fileRef = 752CE4251F27E24900FCC976 /* IQButtonBarArrowDown@2x.png */; };
		752CE43D1F27E24900FCC976 /* IQButtonBarArrowDown@3x.png in Resources */ = {isa = PBXBuildFile; fileRef = 752CE4261F27E24900FCC976 /* IQButtonBarArrowDown@3x.png */; };
		752CE43E1F27E24900FCC976 /* IQButtonBarArrowLeft@2x.png in Resources */ = {isa = PBXBuildFile; fileRef = 752CE4271F27E24900FCC976 /* IQButtonBarArrowLeft@2x.png */; };
		752CE43F1F27E24900FCC976 /* IQButtonBarArrowLeft@3x.png in Resources */ = {isa = PBXBuildFile; fileRef = 752CE4281F27E24900FCC976 /* IQButtonBarArrowLeft@3x.png */; };
		752CE4401F27E24900FCC976 /* IQButtonBarArrowRight@3x.png in Resources */ = {isa = PBXBuildFile; fileRef = 752CE4291F27E24900FCC976 /* IQButtonBarArrowRight@3x.png */; };
		752CE4411F27E24900FCC976 /* IQButtonBarArrowUp@2x.png in Resources */ = {isa = PBXBuildFile; fileRef = 752CE42A1F27E24900FCC976 /* IQButtonBarArrowUp@2x.png */; };
		752CE4421F27E24900FCC976 /* IQButtonBarArrowUp@3x.png in Resources */ = {isa = PBXBuildFile; fileRef = 752CE42B1F27E24900FCC976 /* IQButtonBarArrowUp@3x.png */; };
		752CE4431F27E24900FCC976 /* IQKeyboardManager.swift in Sources */ = {isa = PBXBuildFile; fileRef = 752CE42C1F27E24900FCC976 /* IQKeyboardManager.swift */; };
		752CE4441F27E24900FCC976 /* IQKeyboardManagerConstants.swift in Sources */ = {isa = PBXBuildFile; fileRef = 752CE42D1F27E24900FCC976 /* IQKeyboardManagerConstants.swift */; };
		752CE4451F27E24900FCC976 /* IQKeyboardManagerConstantsInternal.swift in Sources */ = {isa = PBXBuildFile; fileRef = 752CE42E1F27E24900FCC976 /* IQKeyboardManagerConstantsInternal.swift */; };
		752CE4461F27E24900FCC976 /* IQKeyboardReturnKeyHandler.swift in Sources */ = {isa = PBXBuildFile; fileRef = 752CE42F1F27E24900FCC976 /* IQKeyboardReturnKeyHandler.swift */; };
		752CE4471F27E24900FCC976 /* IQNSArray+Sort.swift in Sources */ = {isa = PBXBuildFile; fileRef = 752CE4301F27E24900FCC976 /* IQNSArray+Sort.swift */; };
		752CE4481F27E24900FCC976 /* IQPreviousNextView.swift in Sources */ = {isa = PBXBuildFile; fileRef = 752CE4311F27E24900FCC976 /* IQPreviousNextView.swift */; };
		752CE4491F27E24900FCC976 /* IQTextView.swift in Sources */ = {isa = PBXBuildFile; fileRef = 752CE4321F27E24900FCC976 /* IQTextView.swift */; };
		752CE44A1F27E24900FCC976 /* IQTitleBarButtonItem.swift in Sources */ = {isa = PBXBuildFile; fileRef = 752CE4331F27E24900FCC976 /* IQTitleBarButtonItem.swift */; };
		752CE44B1F27E24900FCC976 /* IQToolbar.swift in Sources */ = {isa = PBXBuildFile; fileRef = 752CE4341F27E24900FCC976 /* IQToolbar.swift */; };
		752CE44C1F27E24900FCC976 /* IQUIScrollView+Additions.swift in Sources */ = {isa = PBXBuildFile; fileRef = 752CE4351F27E24900FCC976 /* IQUIScrollView+Additions.swift */; };
		752CE44D1F27E24900FCC976 /* IQUITextFieldView+Additions.swift in Sources */ = {isa = PBXBuildFile; fileRef = 752CE4361F27E24900FCC976 /* IQUITextFieldView+Additions.swift */; };
		752CE44E1F27E24900FCC976 /* IQUIView+Hierarchy.swift in Sources */ = {isa = PBXBuildFile; fileRef = 752CE4371F27E24900FCC976 /* IQUIView+Hierarchy.swift */; };
		752CE44F1F27E24900FCC976 /* IQUIView+IQKeyboardToolbar.swift in Sources */ = {isa = PBXBuildFile; fileRef = 752CE4381F27E24900FCC976 /* IQUIView+IQKeyboardToolbar.swift */; };
		752CE4501F27E24900FCC976 /* IQUIViewController+Additions.swift in Sources */ = {isa = PBXBuildFile; fileRef = 752CE4391F27E24900FCC976 /* IQUIViewController+Additions.swift */; };
		752CE4511F27E24900FCC976 /* IQUIWindow+Hierarchy.swift in Sources */ = {isa = PBXBuildFile; fileRef = 752CE43A1F27E24900FCC976 /* IQUIWindow+Hierarchy.swift */; };
		753684121F03F58A00D24264 /* Foundation.framework in Frameworks */ = {isa = PBXBuildFile; fileRef = 753684111F03F58A00D24264 /* Foundation.framework */; };
		753684141F03F59300D24264 /* CoreGraphics.framework in Frameworks */ = {isa = PBXBuildFile; fileRef = 753684131F03F59300D24264 /* CoreGraphics.framework */; };
		753684161F03F59F00D24264 /* UIKit.framework in Frameworks */ = {isa = PBXBuildFile; fileRef = 753684151F03F59F00D24264 /* UIKit.framework */; };
		754085FB1F1671AF00CDB81F /* ProcessingIndicatorView.swift in Sources */ = {isa = PBXBuildFile; fileRef = 754085F81F1671AF00CDB81F /* ProcessingIndicatorView.swift */; };
		754085FC1F1671AF00CDB81F /* ProcessingIndicatorProtocol.swift in Sources */ = {isa = PBXBuildFile; fileRef = 754085F91F1671AF00CDB81F /* ProcessingIndicatorProtocol.swift */; };
		754085FD1F1671AF00CDB81F /* ProcessingIndicatorHandler.swift in Sources */ = {isa = PBXBuildFile; fileRef = 754085FA1F1671AF00CDB81F /* ProcessingIndicatorHandler.swift */; };
		754085FF1F16743000CDB81F /* Constants.swift in Sources */ = {isa = PBXBuildFile; fileRef = 754085FE1F16743000CDB81F /* Constants.swift */; };
		755C665B1EFA897800A3F74A /* MessagesParser.swift in Sources */ = {isa = PBXBuildFile; fileRef = 755C665A1EFA897800A3F74A /* MessagesParser.swift */; };
		755C665E1EFADE7300A3F74A /* InboxTableViewCellProtocol.swift in Sources */ = {isa = PBXBuildFile; fileRef = 755C665D1EFADE7300A3F74A /* InboxTableViewCellProtocol.swift */; };
		75A06F2A1F3B2F7C004EEDF1 /* ConversationParser.swift in Sources */ = {isa = PBXBuildFile; fileRef = 75A06F291F3B2F7C004EEDF1 /* ConversationParser.swift */; };
		75A06F2C1F3B41FE004EEDF1 /* LoginParser.swift in Sources */ = {isa = PBXBuildFile; fileRef = 75A06F2B1F3B41FE004EEDF1 /* LoginParser.swift */; };
		75E35F101F05853500B96018 /* Reachability.swift in Sources */ = {isa = PBXBuildFile; fileRef = 75E35F0F1F05853500B96018 /* Reachability.swift */; };
		75E7A8411F4F2EB100E9764C /* ComposeMessageViewController.swift in Sources */ = {isa = PBXBuildFile; fileRef = 75E7A8401F4F2EB100E9764C /* ComposeMessageViewController.swift */; };
		75E7A8431F4F2FAB00E9764C /* ComposeMessage.storyboard in Resources */ = {isa = PBXBuildFile; fileRef = 75E7A8421F4F2FAB00E9764C /* ComposeMessage.storyboard */; };
		75F731E61F389B3D00DBDA84 /* CoreDataManager.swift in Sources */ = {isa = PBXBuildFile; fileRef = 75F731E51F389B3D00DBDA84 /* CoreDataManager.swift */; };
/* End PBXBuildFile section */

/* Begin PBXFileReference section */
		046560BB1FC4B1D80010B037 /* ConversationDetailViewControllerProtocol.swift */ = {isa = PBXFileReference; lastKnownFileType = sourcecode.swift; path = ConversationDetailViewControllerProtocol.swift; sourceTree = "<group>"; };
		046560BE1FC4B3EB0010B037 /* ConversationListingViewControllerProtocol.swift */ = {isa = PBXFileReference; lastKnownFileType = sourcecode.swift; path = ConversationListingViewControllerProtocol.swift; sourceTree = "<group>"; };
		04EC9FAF1FC371C000F3C42A /* Conversation+CoreDataProperties.swift */ = {isa = PBXFileReference; lastKnownFileType = sourcecode.swift; path = "Conversation+CoreDataProperties.swift"; sourceTree = "<group>"; };
		04EC9FB01FC371C000F3C42A /* Conversation+CoreDataClass.swift */ = {isa = PBXFileReference; lastKnownFileType = sourcecode.swift; path = "Conversation+CoreDataClass.swift"; sourceTree = "<group>"; };
		04EC9FB11FC371D300F3C42A /* User+CoreDataClass.swift */ = {isa = PBXFileReference; lastKnownFileType = sourcecode.swift; path = "User+CoreDataClass.swift"; sourceTree = "<group>"; };
		04EC9FB21FC371D300F3C42A /* User+CoreDataProperties.swift */ = {isa = PBXFileReference; lastKnownFileType = sourcecode.swift; path = "User+CoreDataProperties.swift"; sourceTree = "<group>"; };
		04EC9FB31FC371F000F3C42A /* Message+CoreDataClass.swift */ = {isa = PBXFileReference; lastKnownFileType = sourcecode.swift; path = "Message+CoreDataClass.swift"; sourceTree = "<group>"; };
		04EC9FB41FC371F000F3C42A /* Message+CoreDataProperties.swift */ = {isa = PBXFileReference; lastKnownFileType = sourcecode.swift; path = "Message+CoreDataProperties.swift"; sourceTree = "<group>"; };
		04EC9FB71FC3724700F3C42A /* Checkbox.swift */ = {isa = PBXFileReference; lastKnownFileType = sourcecode.swift; name = Checkbox.swift; path = Inbox/Checkbox.swift; sourceTree = "<group>"; };
		04EC9FB81FC3728F00F3C42A /* Default-568h@2x.png */ = {isa = PBXFileReference; lastKnownFileType = image.png; name = "Default-568h@2x.png"; path = "Inbox/Default-568h@2x.png"; sourceTree = "<group>"; };
		1ADE9F7A1EF98E48006C2CAC /* Inbox.app */ = {isa = PBXFileReference; explicitFileType = wrapper.application; includeInIndex = 0; path = Inbox.app; sourceTree = BUILT_PRODUCTS_DIR; };
		1ADE9F7D1EF98E48006C2CAC /* AppDelegate.swift */ = {isa = PBXFileReference; lastKnownFileType = sourcecode.swift; path = AppDelegate.swift; sourceTree = "<group>"; };
		1ADE9F851EF98E49006C2CAC /* Inbox.xcdatamodel */ = {isa = PBXFileReference; lastKnownFileType = wrapper.xcdatamodel; path = Inbox.xcdatamodel; sourceTree = "<group>"; };
		1ADE9F871EF98E4A006C2CAC /* Assets.xcassets */ = {isa = PBXFileReference; lastKnownFileType = folder.assetcatalog; name = Assets.xcassets; path = Inbox/Assets.xcassets; sourceTree = "<group>"; };
		1ADE9F8C1EF98E4A006C2CAC /* Info.plist */ = {isa = PBXFileReference; lastKnownFileType = text.plist.xml; name = Info.plist; path = Inbox/Info.plist; sourceTree = "<group>"; };
		1ADE9F981EF98EBB006C2CAC /* SplashViewController.swift */ = {isa = PBXFileReference; fileEncoding = 4; lastKnownFileType = sourcecode.swift; path = SplashViewController.swift; sourceTree = "<group>"; };
		1ADE9F9A1EF98ED9006C2CAC /* Splash.storyboard */ = {isa = PBXFileReference; fileEncoding = 4; lastKnownFileType = file.storyboard; path = Splash.storyboard; sourceTree = "<group>"; };
		1ADE9F9D1EF98F8E006C2CAC /* LoginViewController.swift */ = {isa = PBXFileReference; fileEncoding = 4; lastKnownFileType = sourcecode.swift; path = LoginViewController.swift; sourceTree = "<group>"; };
		1ADE9F9F1EF98F9E006C2CAC /* Login.storyboard */ = {isa = PBXFileReference; fileEncoding = 4; lastKnownFileType = file.storyboard; path = Login.storyboard; sourceTree = "<group>"; };
		1ADE9FAC1EF99E9F006C2CAC /* InboxTableViewCell.swift */ = {isa = PBXFileReference; fileEncoding = 4; lastKnownFileType = sourcecode.swift; path = InboxTableViewCell.swift; sourceTree = "<group>"; };
		1ADE9FAD1EF99E9F006C2CAC /* InboxTableViewCell.xib */ = {isa = PBXFileReference; fileEncoding = 4; lastKnownFileType = file.xib; path = InboxTableViewCell.xib; sourceTree = "<group>"; };
		1ADE9FB71EF9A5AE006C2CAC /* MessageTableViewDataSource.swift */ = {isa = PBXFileReference; fileEncoding = 4; lastKnownFileType = sourcecode.swift; path = MessageTableViewDataSource.swift; sourceTree = "<group>"; };
		1ADE9FB91EF9A821006C2CAC /* InboxTableViewDataSource.swift */ = {isa = PBXFileReference; fileEncoding = 4; lastKnownFileType = sourcecode.swift; path = InboxTableViewDataSource.swift; sourceTree = "<group>"; };
		1ADE9FBB1EF9AA84006C2CAC /* WebManager.swift */ = {isa = PBXFileReference; fileEncoding = 4; lastKnownFileType = sourcecode.swift; path = WebManager.swift; sourceTree = "<group>"; };
		1ADE9FBD1EF9AADC006C2CAC /* Inbox-Bridging-Header.h */ = {isa = PBXFileReference; lastKnownFileType = sourcecode.c.h; name = "Inbox-Bridging-Header.h"; path = "Inbox/Inbox-Bridging-Header.h"; sourceTree = "<group>"; };
		1ADE9FC11EF9AD63006C2CAC /* JsonPrinting.swift */ = {isa = PBXFileReference; fileEncoding = 4; lastKnownFileType = sourcecode.swift; path = JsonPrinting.swift; sourceTree = "<group>"; };
		1AFB4A541FC32EED001EC4D5 /* ConversationListingViewController.swift */ = {isa = PBXFileReference; fileEncoding = 4; lastKnownFileType = sourcecode.swift; path = ConversationListingViewController.swift; sourceTree = "<group>"; };
		1AFB4A571FC32F1D001EC4D5 /* ConversationDetailViewController.swift */ = {isa = PBXFileReference; fileEncoding = 4; lastKnownFileType = sourcecode.swift; path = ConversationDetailViewController.swift; sourceTree = "<group>"; };
		1AFB4A5A1FC32FD1001EC4D5 /* HomeViewController.swift */ = {isa = PBXFileReference; fileEncoding = 4; lastKnownFileType = sourcecode.swift; path = HomeViewController.swift; sourceTree = "<group>"; };
		1AFB4A5C1FC32FFD001EC4D5 /* Home.storyboard */ = {isa = PBXFileReference; fileEncoding = 4; lastKnownFileType = file.storyboard; path = Home.storyboard; sourceTree = "<group>"; };
		1AFB4A5E1FC33026001EC4D5 /* ConversationListing.storyboard */ = {isa = PBXFileReference; fileEncoding = 4; lastKnownFileType = file.storyboard; path = ConversationListing.storyboard; sourceTree = "<group>"; };
		1AFB4A601FC3303E001EC4D5 /* ConversationDetail.storyboard */ = {isa = PBXFileReference; fileEncoding = 4; lastKnownFileType = file.storyboard; path = ConversationDetail.storyboard; sourceTree = "<group>"; };
		750FE3D21F28775D0018E863 /* IQButtonBarArrowRight@2x.png */ = {isa = PBXFileReference; lastKnownFileType = image.png; path = "IQButtonBarArrowRight@2x.png"; sourceTree = "<group>"; };
		7518E38E1EFDB01A00EF059F /* ChatTableViewCell.h */ = {isa = PBXFileReference; fileEncoding = 4; lastKnownFileType = sourcecode.c.h; path = ChatTableViewCell.h; sourceTree = "<group>"; };
		7518E38F1EFDB01A00EF059F /* ChatTableViewCell.m */ = {isa = PBXFileReference; fileEncoding = 4; lastKnownFileType = sourcecode.c.objc; path = ChatTableViewCell.m; sourceTree = "<group>"; };
		7518E3901EFDB01A00EF059F /* ChatCellSettings.h */ = {isa = PBXFileReference; fileEncoding = 4; lastKnownFileType = sourcecode.c.h; path = ChatCellSettings.h; sourceTree = "<group>"; };
		7518E3911EFDB01A00EF059F /* ChatCellSettings.m */ = {isa = PBXFileReference; fileEncoding = 4; lastKnownFileType = sourcecode.c.objc; path = ChatCellSettings.m; sourceTree = "<group>"; };
		752CE4241F27E24900FCC976 /* IQBarButtonItem.swift */ = {isa = PBXFileReference; fileEncoding = 4; lastKnownFileType = sourcecode.swift; path = IQBarButtonItem.swift; sourceTree = "<group>"; };
		752CE4251F27E24900FCC976 /* IQButtonBarArrowDown@2x.png */ = {isa = PBXFileReference; lastKnownFileType = image.png; path = "IQButtonBarArrowDown@2x.png"; sourceTree = "<group>"; };
		752CE4261F27E24900FCC976 /* IQButtonBarArrowDown@3x.png */ = {isa = PBXFileReference; lastKnownFileType = image.png; path = "IQButtonBarArrowDown@3x.png"; sourceTree = "<group>"; };
		752CE4271F27E24900FCC976 /* IQButtonBarArrowLeft@2x.png */ = {isa = PBXFileReference; lastKnownFileType = image.png; path = "IQButtonBarArrowLeft@2x.png"; sourceTree = "<group>"; };
		752CE4281F27E24900FCC976 /* IQButtonBarArrowLeft@3x.png */ = {isa = PBXFileReference; lastKnownFileType = image.png; path = "IQButtonBarArrowLeft@3x.png"; sourceTree = "<group>"; };
		752CE4291F27E24900FCC976 /* IQButtonBarArrowRight@3x.png */ = {isa = PBXFileReference; lastKnownFileType = image.png; path = "IQButtonBarArrowRight@3x.png"; sourceTree = "<group>"; };
		752CE42A1F27E24900FCC976 /* IQButtonBarArrowUp@2x.png */ = {isa = PBXFileReference; lastKnownFileType = image.png; path = "IQButtonBarArrowUp@2x.png"; sourceTree = "<group>"; };
		752CE42B1F27E24900FCC976 /* IQButtonBarArrowUp@3x.png */ = {isa = PBXFileReference; lastKnownFileType = image.png; path = "IQButtonBarArrowUp@3x.png"; sourceTree = "<group>"; };
		752CE42C1F27E24900FCC976 /* IQKeyboardManager.swift */ = {isa = PBXFileReference; fileEncoding = 4; lastKnownFileType = sourcecode.swift; path = IQKeyboardManager.swift; sourceTree = "<group>"; };
		752CE42D1F27E24900FCC976 /* IQKeyboardManagerConstants.swift */ = {isa = PBXFileReference; fileEncoding = 4; lastKnownFileType = sourcecode.swift; path = IQKeyboardManagerConstants.swift; sourceTree = "<group>"; };
		752CE42E1F27E24900FCC976 /* IQKeyboardManagerConstantsInternal.swift */ = {isa = PBXFileReference; fileEncoding = 4; lastKnownFileType = sourcecode.swift; path = IQKeyboardManagerConstantsInternal.swift; sourceTree = "<group>"; };
		752CE42F1F27E24900FCC976 /* IQKeyboardReturnKeyHandler.swift */ = {isa = PBXFileReference; fileEncoding = 4; lastKnownFileType = sourcecode.swift; path = IQKeyboardReturnKeyHandler.swift; sourceTree = "<group>"; };
		752CE4301F27E24900FCC976 /* IQNSArray+Sort.swift */ = {isa = PBXFileReference; fileEncoding = 4; lastKnownFileType = sourcecode.swift; path = "IQNSArray+Sort.swift"; sourceTree = "<group>"; };
		752CE4311F27E24900FCC976 /* IQPreviousNextView.swift */ = {isa = PBXFileReference; fileEncoding = 4; lastKnownFileType = sourcecode.swift; path = IQPreviousNextView.swift; sourceTree = "<group>"; };
		752CE4321F27E24900FCC976 /* IQTextView.swift */ = {isa = PBXFileReference; fileEncoding = 4; lastKnownFileType = sourcecode.swift; path = IQTextView.swift; sourceTree = "<group>"; };
		752CE4331F27E24900FCC976 /* IQTitleBarButtonItem.swift */ = {isa = PBXFileReference; fileEncoding = 4; lastKnownFileType = sourcecode.swift; path = IQTitleBarButtonItem.swift; sourceTree = "<group>"; };
		752CE4341F27E24900FCC976 /* IQToolbar.swift */ = {isa = PBXFileReference; fileEncoding = 4; lastKnownFileType = sourcecode.swift; path = IQToolbar.swift; sourceTree = "<group>"; };
		752CE4351F27E24900FCC976 /* IQUIScrollView+Additions.swift */ = {isa = PBXFileReference; fileEncoding = 4; lastKnownFileType = sourcecode.swift; path = "IQUIScrollView+Additions.swift"; sourceTree = "<group>"; };
		752CE4361F27E24900FCC976 /* IQUITextFieldView+Additions.swift */ = {isa = PBXFileReference; fileEncoding = 4; lastKnownFileType = sourcecode.swift; path = "IQUITextFieldView+Additions.swift"; sourceTree = "<group>"; };
		752CE4371F27E24900FCC976 /* IQUIView+Hierarchy.swift */ = {isa = PBXFileReference; fileEncoding = 4; lastKnownFileType = sourcecode.swift; path = "IQUIView+Hierarchy.swift"; sourceTree = "<group>"; };
		752CE4381F27E24900FCC976 /* IQUIView+IQKeyboardToolbar.swift */ = {isa = PBXFileReference; fileEncoding = 4; lastKnownFileType = sourcecode.swift; path = "IQUIView+IQKeyboardToolbar.swift"; sourceTree = "<group>"; };
		752CE4391F27E24900FCC976 /* IQUIViewController+Additions.swift */ = {isa = PBXFileReference; fileEncoding = 4; lastKnownFileType = sourcecode.swift; path = "IQUIViewController+Additions.swift"; sourceTree = "<group>"; };
		752CE43A1F27E24900FCC976 /* IQUIWindow+Hierarchy.swift */ = {isa = PBXFileReference; fileEncoding = 4; lastKnownFileType = sourcecode.swift; path = "IQUIWindow+Hierarchy.swift"; sourceTree = "<group>"; };
		753684111F03F58A00D24264 /* Foundation.framework */ = {isa = PBXFileReference; lastKnownFileType = wrapper.framework; name = Foundation.framework; path = System/Library/Frameworks/Foundation.framework; sourceTree = SDKROOT; };
		753684131F03F59300D24264 /* CoreGraphics.framework */ = {isa = PBXFileReference; lastKnownFileType = wrapper.framework; name = CoreGraphics.framework; path = System/Library/Frameworks/CoreGraphics.framework; sourceTree = SDKROOT; };
		753684151F03F59F00D24264 /* UIKit.framework */ = {isa = PBXFileReference; lastKnownFileType = wrapper.framework; name = UIKit.framework; path = System/Library/Frameworks/UIKit.framework; sourceTree = SDKROOT; };
		754085F81F1671AF00CDB81F /* ProcessingIndicatorView.swift */ = {isa = PBXFileReference; fileEncoding = 4; lastKnownFileType = sourcecode.swift; path = ProcessingIndicatorView.swift; sourceTree = "<group>"; };
		754085F91F1671AF00CDB81F /* ProcessingIndicatorProtocol.swift */ = {isa = PBXFileReference; fileEncoding = 4; lastKnownFileType = sourcecode.swift; path = ProcessingIndicatorProtocol.swift; sourceTree = "<group>"; };
		754085FA1F1671AF00CDB81F /* ProcessingIndicatorHandler.swift */ = {isa = PBXFileReference; fileEncoding = 4; lastKnownFileType = sourcecode.swift; path = ProcessingIndicatorHandler.swift; sourceTree = "<group>"; };
		754085FE1F16743000CDB81F /* Constants.swift */ = {isa = PBXFileReference; fileEncoding = 4; lastKnownFileType = sourcecode.swift; path = Constants.swift; sourceTree = "<group>"; };
		755C665A1EFA897800A3F74A /* MessagesParser.swift */ = {isa = PBXFileReference; fileEncoding = 4; lastKnownFileType = sourcecode.swift; path = MessagesParser.swift; sourceTree = "<group>"; };
		755C665D1EFADE7300A3F74A /* InboxTableViewCellProtocol.swift */ = {isa = PBXFileReference; fileEncoding = 4; lastKnownFileType = sourcecode.swift; path = InboxTableViewCellProtocol.swift; sourceTree = "<group>"; };
		759C5BCE1FC5F1F4007889E7 /* Inbox.entitlements */ = {isa = PBXFileReference; lastKnownFileType = text.plist.entitlements; name = Inbox.entitlements; path = Inbox/Inbox.entitlements; sourceTree = "<group>"; };
		75A06F291F3B2F7C004EEDF1 /* ConversationParser.swift */ = {isa = PBXFileReference; fileEncoding = 4; lastKnownFileType = sourcecode.swift; path = ConversationParser.swift; sourceTree = "<group>"; };
		75A06F2B1F3B41FE004EEDF1 /* LoginParser.swift */ = {isa = PBXFileReference; fileEncoding = 4; lastKnownFileType = sourcecode.swift; path = LoginParser.swift; sourceTree = "<group>"; };
		75E35F0F1F05853500B96018 /* Reachability.swift */ = {isa = PBXFileReference; fileEncoding = 4; lastKnownFileType = sourcecode.swift; path = Reachability.swift; sourceTree = "<group>"; };
		75E7A8401F4F2EB100E9764C /* ComposeMessageViewController.swift */ = {isa = PBXFileReference; fileEncoding = 4; lastKnownFileType = sourcecode.swift; path = ComposeMessageViewController.swift; sourceTree = "<group>"; };
		75E7A8421F4F2FAB00E9764C /* ComposeMessage.storyboard */ = {isa = PBXFileReference; fileEncoding = 4; lastKnownFileType = file.storyboard; path = ComposeMessage.storyboard; sourceTree = "<group>"; };
		75F731E51F389B3D00DBDA84 /* CoreDataManager.swift */ = {isa = PBXFileReference; fileEncoding = 4; lastKnownFileType = sourcecode.swift; path = CoreDataManager.swift; sourceTree = "<group>"; };
/* End PBXFileReference section */

/* Begin PBXFrameworksBuildPhase section */
		1ADE9F771EF98E48006C2CAC /* Frameworks */ = {
			isa = PBXFrameworksBuildPhase;
			buildActionMask = 2147483647;
			files = (
				753684161F03F59F00D24264 /* UIKit.framework in Frameworks */,
				753684141F03F59300D24264 /* CoreGraphics.framework in Frameworks */,
				753684121F03F58A00D24264 /* Foundation.framework in Frameworks */,
			);
			runOnlyForDeploymentPostprocessing = 0;
		};
/* End PBXFrameworksBuildPhase section */

/* Begin PBXGroup section */
		046560BA1FC4B1AD0010B037 /* Protocol */ = {
			isa = PBXGroup;
			children = (
				046560BB1FC4B1D80010B037 /* ConversationDetailViewControllerProtocol.swift */,
			);
			name = Protocol;
			sourceTree = "<group>";
		};
		046560BD1FC4B3CD0010B037 /* Protocol */ = {
			isa = PBXGroup;
			children = (
				046560BE1FC4B3EB0010B037 /* ConversationListingViewControllerProtocol.swift */,
			);
			name = Protocol;
			sourceTree = "<group>";
		};
		04EC9FB51FC3722600F3C42A /* Libraries */ = {
			isa = PBXGroup;
			children = (
				04EC9FB61FC3723700F3C42A /* Checkbox */,
				752CE4231F27E23300FCC976 /* KeyBoard */,
				7518E38D1EFDAFFA00EF059F /* iBubblesCode */,
				754085F71F16718700CDB81F /* ActivityIndicator */,
			);
			name = Libraries;
			path = ..;
			sourceTree = "<group>";
		};
		04EC9FB61FC3723700F3C42A /* Checkbox */ = {
			isa = PBXGroup;
			children = (
				04EC9FB71FC3724700F3C42A /* Checkbox.swift */,
			);
			name = Checkbox;
			sourceTree = "<group>";
		};
		1ADE9F711EF98E46006C2CAC = {
			isa = PBXGroup;
			children = (
				759C5BCE1FC5F1F4007889E7 /* Inbox.entitlements */,
				1ADE9F7C1EF98E48006C2CAC /* Classes */,
				1ADE9F921EF98E5E006C2CAC /* Resources */,
				1ADE9F7B1EF98E48006C2CAC /* Products */,
				753684101F03F58900D24264 /* Frameworks */,
			);
			sourceTree = "<group>";
		};
		1ADE9F7B1EF98E48006C2CAC /* Products */ = {
			isa = PBXGroup;
			children = (
				1ADE9F7A1EF98E48006C2CAC /* Inbox.app */,
			);
			name = Products;
			sourceTree = "<group>";
		};
		1ADE9F7C1EF98E48006C2CAC /* Classes */ = {
			isa = PBXGroup;
			children = (
				1ADE9F961EF98E7F006C2CAC /* App Delegate */,
				755C66591EFA896100A3F74A /* Controllers */,
				755C66541EFA878800A3F74A /* Persistent */,
				754086001F16789500CDB81F /* WebServices */,
				04EC9FB51FC3722600F3C42A /* Libraries */,
			);
			name = Classes;
			path = Inbox;
			sourceTree = "<group>";
		};
		1ADE9F921EF98E5E006C2CAC /* Resources */ = {
			isa = PBXGroup;
			children = (
				1ADE9FBD1EF9AADC006C2CAC /* Inbox-Bridging-Header.h */,
				1ADE9F951EF98E73006C2CAC /* Database */,
				1ADE9F941EF98E69006C2CAC /* P-List */,
				1ADE9F931EF98E64006C2CAC /* Images */,
			);
			name = Resources;
			sourceTree = "<group>";
		};
		1ADE9F931EF98E64006C2CAC /* Images */ = {
			isa = PBXGroup;
			children = (
				04EC9FB81FC3728F00F3C42A /* Default-568h@2x.png */,
				1ADE9F871EF98E4A006C2CAC /* Assets.xcassets */,
			);
			name = Images;
			sourceTree = "<group>";
		};
		1ADE9F941EF98E69006C2CAC /* P-List */ = {
			isa = PBXGroup;
			children = (
				1ADE9F8C1EF98E4A006C2CAC /* Info.plist */,
			);
			name = "P-List";
			sourceTree = "<group>";
		};
		1ADE9F951EF98E73006C2CAC /* Database */ = {
			isa = PBXGroup;
			children = (
				1ADE9F841EF98E49006C2CAC /* Inbox.xcdatamodeld */,
			);
			name = Database;
			sourceTree = "<group>";
		};
		1ADE9F961EF98E7F006C2CAC /* App Delegate */ = {
			isa = PBXGroup;
			children = (
				754085FE1F16743000CDB81F /* Constants.swift */,
				1ADE9F7D1EF98E48006C2CAC /* AppDelegate.swift */,
				1ADE9F971EF98E90006C2CAC /* Splash View */,
			);
			name = "App Delegate";
			sourceTree = "<group>";
		};
		1ADE9F971EF98E90006C2CAC /* Splash View */ = {
			isa = PBXGroup;
			children = (
				1ADE9F981EF98EBB006C2CAC /* SplashViewController.swift */,
				1ADE9F9A1EF98ED9006C2CAC /* Splash.storyboard */,
				1ADE9F9C1EF98F5C006C2CAC /* Login  View */,
			);
			name = "Splash View";
			sourceTree = "<group>";
		};
		1ADE9F9C1EF98F5C006C2CAC /* Login  View */ = {
			isa = PBXGroup;
			children = (
				1ADE9F9D1EF98F8E006C2CAC /* LoginViewController.swift */,
				1ADE9F9F1EF98F9E006C2CAC /* Login.storyboard */,
				1AFB4A591FC32FB4001EC4D5 /* Home View */,
			);
			name = "Login  View";
			sourceTree = "<group>";
		};
		1ADE9FA11EF99688006C2CAC /* Conversation Listing View */ = {
			isa = PBXGroup;
			children = (
				1AFB4A541FC32EED001EC4D5 /* ConversationListingViewController.swift */,
				1AFB4A5E1FC33026001EC4D5 /* ConversationListing.storyboard */,
				046560BD1FC4B3CD0010B037 /* Protocol */,
				1ADE9FB61EF9A589006C2CAC /* TableView Data Source */,
				1AFB4A561FC32EFA001EC4D5 /* Conversation Detail View */,
				75E7A83F1F4F2E9100E9764C /* ComposeMessage */,
			);
			name = "Conversation Listing View";
			sourceTree = "<group>";
		};
		1ADE9FA61EF99BA1006C2CAC /* Inbox Cell */ = {
			isa = PBXGroup;
			children = (
				1ADE9FAC1EF99E9F006C2CAC /* InboxTableViewCell.swift */,
				1ADE9FAD1EF99E9F006C2CAC /* InboxTableViewCell.xib */,
				755C665C1EFADE3200A3F74A /* InboxCellProtocol */,
			);
			name = "Inbox Cell";
			sourceTree = "<group>";
		};
		1ADE9FB51EF9A57B006C2CAC /* TableView Data Source */ = {
			isa = PBXGroup;
			children = (
				1ADE9FB71EF9A5AE006C2CAC /* MessageTableViewDataSource.swift */,
			);
			name = "TableView Data Source";
			sourceTree = "<group>";
		};
		1ADE9FB61EF9A589006C2CAC /* TableView Data Source */ = {
			isa = PBXGroup;
			children = (
				1ADE9FB91EF9A821006C2CAC /* InboxTableViewDataSource.swift */,
				1ADE9FA61EF99BA1006C2CAC /* Inbox Cell */,
			);
			name = "TableView Data Source";
			sourceTree = "<group>";
		};
		1AFB4A561FC32EFA001EC4D5 /* Conversation Detail View */ = {
			isa = PBXGroup;
			children = (
				1AFB4A571FC32F1D001EC4D5 /* ConversationDetailViewController.swift */,
				1AFB4A601FC3303E001EC4D5 /* ConversationDetail.storyboard */,
				046560BA1FC4B1AD0010B037 /* Protocol */,
				1ADE9FB51EF9A57B006C2CAC /* TableView Data Source */,
			);
			name = "Conversation Detail View";
			sourceTree = "<group>";
		};
		1AFB4A591FC32FB4001EC4D5 /* Home View */ = {
			isa = PBXGroup;
			children = (
				1AFB4A5A1FC32FD1001EC4D5 /* HomeViewController.swift */,
				1AFB4A5C1FC32FFD001EC4D5 /* Home.storyboard */,
				1ADE9FA11EF99688006C2CAC /* Conversation Listing View */,
			);
			name = "Home View";
			sourceTree = "<group>";
		};
		7518E38D1EFDAFFA00EF059F /* iBubblesCode */ = {
			isa = PBXGroup;
			children = (
				7518E38E1EFDB01A00EF059F /* ChatTableViewCell.h */,
				7518E38F1EFDB01A00EF059F /* ChatTableViewCell.m */,
				7518E3901EFDB01A00EF059F /* ChatCellSettings.h */,
				7518E3911EFDB01A00EF059F /* ChatCellSettings.m */,
			);
			name = iBubblesCode;
			path = Inbox;
			sourceTree = "<group>";
		};
		752CE4231F27E23300FCC976 /* KeyBoard */ = {
			isa = PBXGroup;
			children = (
				752CE4241F27E24900FCC976 /* IQBarButtonItem.swift */,
				752CE4251F27E24900FCC976 /* IQButtonBarArrowDown@2x.png */,
				752CE4261F27E24900FCC976 /* IQButtonBarArrowDown@3x.png */,
				752CE4271F27E24900FCC976 /* IQButtonBarArrowLeft@2x.png */,
				752CE4281F27E24900FCC976 /* IQButtonBarArrowLeft@3x.png */,
				750FE3D21F28775D0018E863 /* IQButtonBarArrowRight@2x.png */,
				752CE4291F27E24900FCC976 /* IQButtonBarArrowRight@3x.png */,
				752CE42A1F27E24900FCC976 /* IQButtonBarArrowUp@2x.png */,
				752CE42B1F27E24900FCC976 /* IQButtonBarArrowUp@3x.png */,
				752CE42C1F27E24900FCC976 /* IQKeyboardManager.swift */,
				752CE42D1F27E24900FCC976 /* IQKeyboardManagerConstants.swift */,
				752CE42E1F27E24900FCC976 /* IQKeyboardManagerConstantsInternal.swift */,
				752CE42F1F27E24900FCC976 /* IQKeyboardReturnKeyHandler.swift */,
				752CE4301F27E24900FCC976 /* IQNSArray+Sort.swift */,
				752CE4311F27E24900FCC976 /* IQPreviousNextView.swift */,
				752CE4321F27E24900FCC976 /* IQTextView.swift */,
				752CE4331F27E24900FCC976 /* IQTitleBarButtonItem.swift */,
				752CE4341F27E24900FCC976 /* IQToolbar.swift */,
				752CE4351F27E24900FCC976 /* IQUIScrollView+Additions.swift */,
				752CE4361F27E24900FCC976 /* IQUITextFieldView+Additions.swift */,
				752CE4371F27E24900FCC976 /* IQUIView+Hierarchy.swift */,
				752CE4381F27E24900FCC976 /* IQUIView+IQKeyboardToolbar.swift */,
				752CE4391F27E24900FCC976 /* IQUIViewController+Additions.swift */,
				752CE43A1F27E24900FCC976 /* IQUIWindow+Hierarchy.swift */,
			);
			name = KeyBoard;
			path = Inbox;
			sourceTree = "<group>";
		};
		753684101F03F58900D24264 /* Frameworks */ = {
			isa = PBXGroup;
			children = (
				753684151F03F59F00D24264 /* UIKit.framework */,
				753684131F03F59300D24264 /* CoreGraphics.framework */,
				753684111F03F58A00D24264 /* Foundation.framework */,
			);
			name = Frameworks;
			sourceTree = "<group>";
		};
		754085F71F16718700CDB81F /* ActivityIndicator */ = {
			isa = PBXGroup;
			children = (
				754085F81F1671AF00CDB81F /* ProcessingIndicatorView.swift */,
				754085F91F1671AF00CDB81F /* ProcessingIndicatorProtocol.swift */,
				754085FA1F1671AF00CDB81F /* ProcessingIndicatorHandler.swift */,
			);
			name = ActivityIndicator;
			path = Inbox;
			sourceTree = "<group>";
		};
		754086001F16789500CDB81F /* WebServices */ = {
			isa = PBXGroup;
			children = (
				1ADE9FC11EF9AD63006C2CAC /* JsonPrinting.swift */,
				1ADE9FBB1EF9AA84006C2CAC /* WebManager.swift */,
				75E35F0F1F05853500B96018 /* Reachability.swift */,
			);
			name = WebServices;
			sourceTree = "<group>";
		};
		755C66541EFA878800A3F74A /* Persistent */ = {
			isa = PBXGroup;
			children = (
				04EC9FB31FC371F000F3C42A /* Message+CoreDataClass.swift */,
				04EC9FB41FC371F000F3C42A /* Message+CoreDataProperties.swift */,
				04EC9FB11FC371D300F3C42A /* User+CoreDataClass.swift */,
				04EC9FB21FC371D300F3C42A /* User+CoreDataProperties.swift */,
				04EC9FB01FC371C000F3C42A /* Conversation+CoreDataClass.swift */,
				04EC9FAF1FC371C000F3C42A /* Conversation+CoreDataProperties.swift */,
			);
			name = Persistent;
			sourceTree = "<group>";
		};
		755C66591EFA896100A3F74A /* Controllers */ = {
			isa = PBXGroup;
			children = (
				75F731E51F389B3D00DBDA84 /* CoreDataManager.swift */,
				75A06F2B1F3B41FE004EEDF1 /* LoginParser.swift */,
				75A06F291F3B2F7C004EEDF1 /* ConversationParser.swift */,
				755C665A1EFA897800A3F74A /* MessagesParser.swift */,
			);
			name = Controllers;
			sourceTree = "<group>";
		};
		755C665C1EFADE3200A3F74A /* InboxCellProtocol */ = {
			isa = PBXGroup;
			children = (
				755C665D1EFADE7300A3F74A /* InboxTableViewCellProtocol.swift */,
			);
			name = InboxCellProtocol;
			sourceTree = "<group>";
		};
		75E7A83F1F4F2E9100E9764C /* ComposeMessage */ = {
			isa = PBXGroup;
			children = (
				75E7A8401F4F2EB100E9764C /* ComposeMessageViewController.swift */,
				75E7A8421F4F2FAB00E9764C /* ComposeMessage.storyboard */,
			);
			name = ComposeMessage;
			sourceTree = "<group>";
		};
/* End PBXGroup section */

/* Begin PBXNativeTarget section */
		1ADE9F791EF98E48006C2CAC /* Inbox */ = {
			isa = PBXNativeTarget;
			buildConfigurationList = 1ADE9F8F1EF98E4A006C2CAC /* Build configuration list for PBXNativeTarget "Inbox" */;
			buildPhases = (
				1ADE9F761EF98E48006C2CAC /* Sources */,
				1ADE9F771EF98E48006C2CAC /* Frameworks */,
				1ADE9F781EF98E48006C2CAC /* Resources */,
			);
			buildRules = (
			);
			dependencies = (
			);
			name = Inbox;
			productName = Inbox;
			productReference = 1ADE9F7A1EF98E48006C2CAC /* Inbox.app */;
			productType = "com.apple.product-type.application";
		};
/* End PBXNativeTarget section */

/* Begin PBXProject section */
		1ADE9F721EF98E46006C2CAC /* Project object */ = {
			isa = PBXProject;
			attributes = {
				LastSwiftUpdateCheck = 0830;
				LastUpgradeCheck = 0900;
				ORGANIZATIONNAME = "Amir Akram";
				TargetAttributes = {
					1ADE9F791EF98E48006C2CAC = {
						CreatedOnToolsVersion = 8.3.1;
						DevelopmentTeam = QVXCPBF3VF;
						LastSwiftMigration = 0900;
						ProvisioningStyle = Manual;
						SystemCapabilities = {
							com.apple.Push = {
								enabled = 1;
							};
						};
					};
				};
			};
			buildConfigurationList = 1ADE9F751EF98E47006C2CAC /* Build configuration list for PBXProject "Inbox" */;
			compatibilityVersion = "Xcode 3.2";
			developmentRegion = English;
			hasScannedForEncodings = 0;
			knownRegions = (
				en,
				Base,
			);
			mainGroup = 1ADE9F711EF98E46006C2CAC;
			productRefGroup = 1ADE9F7B1EF98E48006C2CAC /* Products */;
			projectDirPath = "";
			projectRoot = "";
			targets = (
				1ADE9F791EF98E48006C2CAC /* Inbox */,
			);
		};
/* End PBXProject section */

/* Begin PBXResourcesBuildPhase section */
		1ADE9F781EF98E48006C2CAC /* Resources */ = {
			isa = PBXResourcesBuildPhase;
			buildActionMask = 2147483647;
			files = (
				1ADE9FAF1EF99E9F006C2CAC /* InboxTableViewCell.xib in Resources */,
				1AFB4A611FC3303E001EC4D5 /* ConversationDetail.storyboard in Resources */,
				1ADE9F881EF98E4A006C2CAC /* Assets.xcassets in Resources */,
				752CE4421F27E24900FCC976 /* IQButtonBarArrowUp@3x.png in Resources */,
				1AFB4A5D1FC32FFD001EC4D5 /* Home.storyboard in Resources */,
				1AFB4A5F1FC33026001EC4D5 /* ConversationListing.storyboard in Resources */,
				752CE43C1F27E24900FCC976 /* IQButtonBarArrowDown@2x.png in Resources */,
				1ADE9F9B1EF98ED9006C2CAC /* Splash.storyboard in Resources */,
				04EC9FBF1FC373CA00F3C42A /* Default-568h@2x.png in Resources */,
				1ADE9FA01EF98F9E006C2CAC /* Login.storyboard in Resources */,
				752CE43F1F27E24900FCC976 /* IQButtonBarArrowLeft@3x.png in Resources */,
				75E7A8431F4F2FAB00E9764C /* ComposeMessage.storyboard in Resources */,
				752CE4401F27E24900FCC976 /* IQButtonBarArrowRight@3x.png in Resources */,
				752CE43E1F27E24900FCC976 /* IQButtonBarArrowLeft@2x.png in Resources */,
				752CE43D1F27E24900FCC976 /* IQButtonBarArrowDown@3x.png in Resources */,
				752CE4411F27E24900FCC976 /* IQButtonBarArrowUp@2x.png in Resources */,
				750FE3D31F28775D0018E863 /* IQButtonBarArrowRight@2x.png in Resources */,
			);
			runOnlyForDeploymentPostprocessing = 0;
		};
/* End PBXResourcesBuildPhase section */

/* Begin PBXSourcesBuildPhase section */
		1ADE9F761EF98E48006C2CAC /* Sources */ = {
			isa = PBXSourcesBuildPhase;
			buildActionMask = 2147483647;
			files = (
				1ADE9FBC1EF9AA84006C2CAC /* WebManager.swift in Sources */,
				752CE4441F27E24900FCC976 /* IQKeyboardManagerConstants.swift in Sources */,
				752CE44A1F27E24900FCC976 /* IQTitleBarButtonItem.swift in Sources */,
				755C665E1EFADE7300A3F74A /* InboxTableViewCellProtocol.swift in Sources */,
				752CE4461F27E24900FCC976 /* IQKeyboardReturnKeyHandler.swift in Sources */,
				752CE4501F27E24900FCC976 /* IQUIViewController+Additions.swift in Sources */,
				752CE4491F27E24900FCC976 /* IQTextView.swift in Sources */,
				7518E3931EFDB01A00EF059F /* ChatCellSettings.m in Sources */,
				04EC9FBC1FC373C500F3C42A /* User+CoreDataProperties.swift in Sources */,
				75A06F2C1F3B41FE004EEDF1 /* LoginParser.swift in Sources */,
				75E7A8411F4F2EB100E9764C /* ComposeMessageViewController.swift in Sources */,
				1AFB4A581FC32F1E001EC4D5 /* ConversationDetailViewController.swift in Sources */,
				752CE44F1F27E24900FCC976 /* IQUIView+IQKeyboardToolbar.swift in Sources */,
				752CE4431F27E24900FCC976 /* IQKeyboardManager.swift in Sources */,
				752CE44E1F27E24900FCC976 /* IQUIView+Hierarchy.swift in Sources */,
				75F731E61F389B3D00DBDA84 /* CoreDataManager.swift in Sources */,
				755C665B1EFA897800A3F74A /* MessagesParser.swift in Sources */,
				752CE4511F27E24900FCC976 /* IQUIWindow+Hierarchy.swift in Sources */,
				1AFB4A5B1FC32FD1001EC4D5 /* HomeViewController.swift in Sources */,
				1ADE9FAE1EF99E9F006C2CAC /* InboxTableViewCell.swift in Sources */,
				046560BF1FC4B3EB0010B037 /* ConversationListingViewControllerProtocol.swift in Sources */,
				752CE44D1F27E24900FCC976 /* IQUITextFieldView+Additions.swift in Sources */,
				752CE43B1F27E24900FCC976 /* IQBarButtonItem.swift in Sources */,
				1ADE9FB81EF9A5AE006C2CAC /* MessageTableViewDataSource.swift in Sources */,
				754085FC1F1671AF00CDB81F /* ProcessingIndicatorProtocol.swift in Sources */,
				04EC9FBD1FC373C500F3C42A /* Conversation+CoreDataClass.swift in Sources */,
				752CE4451F27E24900FCC976 /* IQKeyboardManagerConstantsInternal.swift in Sources */,
				1ADE9F9E1EF98F8E006C2CAC /* LoginViewController.swift in Sources */,
				1ADE9F861EF98E49006C2CAC /* Inbox.xcdatamodeld in Sources */,
				04EC9FBE1FC373C500F3C42A /* Conversation+CoreDataProperties.swift in Sources */,
				752CE4481F27E24900FCC976 /* IQPreviousNextView.swift in Sources */,
				04EC9FB91FC373BD00F3C42A /* Message+CoreDataClass.swift in Sources */,
				7518E3921EFDB01A00EF059F /* ChatTableViewCell.m in Sources */,
				04EC9FC01FC373D200F3C42A /* Checkbox.swift in Sources */,
				046560BC1FC4B1D80010B037 /* ConversationDetailViewControllerProtocol.swift in Sources */,
				1ADE9F7E1EF98E48006C2CAC /* AppDelegate.swift in Sources */,
				04EC9FBB1FC373C500F3C42A /* User+CoreDataClass.swift in Sources */,
				1AFB4A551FC32EED001EC4D5 /* ConversationListingViewController.swift in Sources */,
				1ADE9FBA1EF9A821006C2CAC /* InboxTableViewDataSource.swift in Sources */,
				754085FD1F1671AF00CDB81F /* ProcessingIndicatorHandler.swift in Sources */,
				752CE44B1F27E24900FCC976 /* IQToolbar.swift in Sources */,
				1ADE9F991EF98EBB006C2CAC /* SplashViewController.swift in Sources */,
				754085FB1F1671AF00CDB81F /* ProcessingIndicatorView.swift in Sources */,
				04EC9FBA1FC373C500F3C42A /* Message+CoreDataProperties.swift in Sources */,
				752CE4471F27E24900FCC976 /* IQNSArray+Sort.swift in Sources */,
				75E35F101F05853500B96018 /* Reachability.swift in Sources */,
				1ADE9FC21EF9AD63006C2CAC /* JsonPrinting.swift in Sources */,
				75A06F2A1F3B2F7C004EEDF1 /* ConversationParser.swift in Sources */,
				752CE44C1F27E24900FCC976 /* IQUIScrollView+Additions.swift in Sources */,
				754085FF1F16743000CDB81F /* Constants.swift in Sources */,
			);
			runOnlyForDeploymentPostprocessing = 0;
		};
/* End PBXSourcesBuildPhase section */

/* Begin XCBuildConfiguration section */
		1ADE9F8D1EF98E4A006C2CAC /* Debug */ = {
			isa = XCBuildConfiguration;
			buildSettings = {
				ALWAYS_SEARCH_USER_PATHS = NO;
				CLANG_ANALYZER_NONNULL = YES;
				CLANG_ANALYZER_NUMBER_OBJECT_CONVERSION = YES_AGGRESSIVE;
				CLANG_CXX_LANGUAGE_STANDARD = "gnu++0x";
				CLANG_CXX_LIBRARY = "libc++";
				CLANG_ENABLE_MODULES = YES;
				CLANG_ENABLE_OBJC_ARC = YES;
				CLANG_WARN_BLOCK_CAPTURE_AUTORELEASING = YES;
				CLANG_WARN_BOOL_CONVERSION = YES;
				CLANG_WARN_COMMA = YES;
				CLANG_WARN_CONSTANT_CONVERSION = YES;
				CLANG_WARN_DIRECT_OBJC_ISA_USAGE = YES_ERROR;
				CLANG_WARN_DOCUMENTATION_COMMENTS = YES;
				CLANG_WARN_EMPTY_BODY = YES;
				CLANG_WARN_ENUM_CONVERSION = YES;
				CLANG_WARN_INFINITE_RECURSION = YES;
				CLANG_WARN_INT_CONVERSION = YES;
				CLANG_WARN_NON_LITERAL_NULL_CONVERSION = YES;
				CLANG_WARN_OBJC_LITERAL_CONVERSION = YES;
				CLANG_WARN_OBJC_ROOT_CLASS = YES_ERROR;
				CLANG_WARN_RANGE_LOOP_ANALYSIS = YES;
				CLANG_WARN_STRICT_PROTOTYPES = YES;
				CLANG_WARN_SUSPICIOUS_MOVE = YES;
				CLANG_WARN_UNREACHABLE_CODE = YES;
				CLANG_WARN__DUPLICATE_METHOD_MATCH = YES;
				CODE_SIGN_IDENTITY = "iPhone Distribution";
				"CODE_SIGN_IDENTITY[sdk=iphoneos*]" = "iPhone Distribution";
				COPY_PHASE_STRIP = NO;
				DEBUG_INFORMATION_FORMAT = dwarf;
				DEVELOPMENT_TEAM = 2NBTB656XQ;
				ENABLE_STRICT_OBJC_MSGSEND = YES;
				ENABLE_TESTABILITY = YES;
				GCC_C_LANGUAGE_STANDARD = gnu99;
				GCC_DYNAMIC_NO_PIC = NO;
				GCC_NO_COMMON_BLOCKS = YES;
				GCC_OPTIMIZATION_LEVEL = 0;
				GCC_PREPROCESSOR_DEFINITIONS = (
					"DEBUG=1",
					"$(inherited)",
				);
				GCC_WARN_64_TO_32_BIT_CONVERSION = YES;
				GCC_WARN_ABOUT_RETURN_TYPE = YES_ERROR;
				GCC_WARN_UNDECLARED_SELECTOR = YES;
				GCC_WARN_UNINITIALIZED_AUTOS = YES_AGGRESSIVE;
				GCC_WARN_UNUSED_FUNCTION = YES;
				GCC_WARN_UNUSED_VARIABLE = YES;
				IPHONEOS_DEPLOYMENT_TARGET = 10.3;
				MTL_ENABLE_DEBUG_INFO = YES;
				ONLY_ACTIVE_ARCH = YES;
				PROVISIONING_PROFILE = "";
				SDKROOT = iphoneos;
				SWIFT_ACTIVE_COMPILATION_CONDITIONS = DEBUG;
				SWIFT_OPTIMIZATION_LEVEL = "-Onone";
				SWIFT_VERSION = 3.0;
				TARGETED_DEVICE_FAMILY = "1,2";
			};
			name = Debug;
		};
		1ADE9F8E1EF98E4A006C2CAC /* Release */ = {
			isa = XCBuildConfiguration;
			buildSettings = {
				ALWAYS_SEARCH_USER_PATHS = NO;
				CLANG_ANALYZER_NONNULL = YES;
				CLANG_ANALYZER_NUMBER_OBJECT_CONVERSION = YES_AGGRESSIVE;
				CLANG_CXX_LANGUAGE_STANDARD = "gnu++0x";
				CLANG_CXX_LIBRARY = "libc++";
				CLANG_ENABLE_MODULES = YES;
				CLANG_ENABLE_OBJC_ARC = YES;
				CLANG_WARN_BLOCK_CAPTURE_AUTORELEASING = YES;
				CLANG_WARN_BOOL_CONVERSION = YES;
				CLANG_WARN_COMMA = YES;
				CLANG_WARN_CONSTANT_CONVERSION = YES;
				CLANG_WARN_DIRECT_OBJC_ISA_USAGE = YES_ERROR;
				CLANG_WARN_DOCUMENTATION_COMMENTS = YES;
				CLANG_WARN_EMPTY_BODY = YES;
				CLANG_WARN_ENUM_CONVERSION = YES;
				CLANG_WARN_INFINITE_RECURSION = YES;
				CLANG_WARN_INT_CONVERSION = YES;
				CLANG_WARN_NON_LITERAL_NULL_CONVERSION = YES;
				CLANG_WARN_OBJC_LITERAL_CONVERSION = YES;
				CLANG_WARN_OBJC_ROOT_CLASS = YES_ERROR;
				CLANG_WARN_RANGE_LOOP_ANALYSIS = YES;
				CLANG_WARN_STRICT_PROTOTYPES = YES;
				CLANG_WARN_SUSPICIOUS_MOVE = YES;
				CLANG_WARN_UNREACHABLE_CODE = YES;
				CLANG_WARN__DUPLICATE_METHOD_MATCH = YES;
				CODE_SIGN_IDENTITY = "iPhone Distribution";
				"CODE_SIGN_IDENTITY[sdk=iphoneos*]" = "iPhone Distribution";
				COPY_PHASE_STRIP = NO;
				DEBUG_INFORMATION_FORMAT = "dwarf-with-dsym";
				DEVELOPMENT_TEAM = 2NBTB656XQ;
				ENABLE_NS_ASSERTIONS = NO;
				ENABLE_STRICT_OBJC_MSGSEND = YES;
				GCC_C_LANGUAGE_STANDARD = gnu99;
				GCC_NO_COMMON_BLOCKS = YES;
				GCC_WARN_64_TO_32_BIT_CONVERSION = YES;
				GCC_WARN_ABOUT_RETURN_TYPE = YES_ERROR;
				GCC_WARN_UNDECLARED_SELECTOR = YES;
				GCC_WARN_UNINITIALIZED_AUTOS = YES_AGGRESSIVE;
				GCC_WARN_UNUSED_FUNCTION = YES;
				GCC_WARN_UNUSED_VARIABLE = YES;
				IPHONEOS_DEPLOYMENT_TARGET = 10.3;
				MTL_ENABLE_DEBUG_INFO = NO;
				PROVISIONING_PROFILE = "";
				SDKROOT = iphoneos;
				SWIFT_OPTIMIZATION_LEVEL = "-Owholemodule";
				SWIFT_VERSION = 3.0;
				TARGETED_DEVICE_FAMILY = "1,2";
				VALIDATE_PRODUCT = YES;
			};
			name = Release;
		};
		1ADE9F901EF98E4A006C2CAC /* Debug */ = {
			isa = XCBuildConfiguration;
			buildSettings = {
				ASSETCATALOG_COMPILER_APPICON_NAME = AppIcon;
				CLANG_ENABLE_MODULES = YES;
				CODE_SIGN_ENTITLEMENTS = Inbox/Inbox.entitlements;
				CODE_SIGN_IDENTITY = "iPhone Distribution: MBBA, LLC (QVXCPBF3VF)";
				"CODE_SIGN_IDENTITY[sdk=iphoneos*]" = "iPhone Distribution: MBBA, LLC (QVXCPBF3VF)";
				CODE_SIGN_STYLE = Manual;
				DEVELOPMENT_TEAM = QVXCPBF3VF;
				INFOPLIST_FILE = Inbox/Info.plist;
				IPHONEOS_DEPLOYMENT_TARGET = 10.0;
				LD_RUNPATH_SEARCH_PATHS = "$(inherited) @executable_path/Frameworks";
				PRODUCT_BUNDLE_IDENTIFIER = com.inbox.chat;
				PRODUCT_NAME = "$(TARGET_NAME)";
				PROVISIONING_PROFILE = "5941e010-b417-4b57-be04-2231c698fb06";
				PROVISIONING_PROFILE_SPECIFIER = InboxMessageAppStoreProfile;
				SWIFT_OBJC_BRIDGING_HEADER = "Inbox/Inbox-Bridging-Header.h";
				SWIFT_OPTIMIZATION_LEVEL = "-Onone";
				SWIFT_SWIFT3_OBJC_INFERENCE = On;
				SWIFT_VERSION = 3.0;
				TARGETED_DEVICE_FAMILY = "1,2";
			};
			name = Debug;
		};
		1ADE9F911EF98E4A006C2CAC /* Release */ = {
			isa = XCBuildConfiguration;
			buildSettings = {
				ASSETCATALOG_COMPILER_APPICON_NAME = AppIcon;
				CLANG_ENABLE_MODULES = YES;
				CODE_SIGN_ENTITLEMENTS = Inbox/Inbox.entitlements;
				CODE_SIGN_IDENTITY = "iPhone Distribution: MBBA, LLC (QVXCPBF3VF)";
				"CODE_SIGN_IDENTITY[sdk=iphoneos*]" = "iPhone Distribution: MBBA, LLC (QVXCPBF3VF)";
				CODE_SIGN_STYLE = Manual;
				DEVELOPMENT_TEAM = QVXCPBF3VF;
				INFOPLIST_FILE = Inbox/Info.plist;
				IPHONEOS_DEPLOYMENT_TARGET = 10.0;
				LD_RUNPATH_SEARCH_PATHS = "$(inherited) @executable_path/Frameworks";
				PRODUCT_BUNDLE_IDENTIFIER = com.inbox.chat;
				PRODUCT_NAME = "$(TARGET_NAME)";
				PROVISIONING_PROFILE = "5941e010-b417-4b57-be04-2231c698fb06";
				PROVISIONING_PROFILE_SPECIFIER = InboxMessageAppStoreProfile;
				SWIFT_OBJC_BRIDGING_HEADER = "Inbox/Inbox-Bridging-Header.h";
				SWIFT_SWIFT3_OBJC_INFERENCE = On;
				SWIFT_VERSION = 3.0;
				TARGETED_DEVICE_FAMILY = "1,2";
			};
			name = Release;
		};
/* End XCBuildConfiguration section */

/* Begin XCConfigurationList section */
		1ADE9F751EF98E47006C2CAC /* Build configuration list for PBXProject "Inbox" */ = {
			isa = XCConfigurationList;
			buildConfigurations = (
				1ADE9F8D1EF98E4A006C2CAC /* Debug */,
				1ADE9F8E1EF98E4A006C2CAC /* Release */,
			);
			defaultConfigurationIsVisible = 0;
			defaultConfigurationName = Release;
		};
		1ADE9F8F1EF98E4A006C2CAC /* Build configuration list for PBXNativeTarget "Inbox" */ = {
			isa = XCConfigurationList;
			buildConfigurations = (
				1ADE9F901EF98E4A006C2CAC /* Debug */,
				1ADE9F911EF98E4A006C2CAC /* Release */,
			);
			defaultConfigurationIsVisible = 0;
			defaultConfigurationName = Release;
		};
/* End XCConfigurationList section */

/* Begin XCVersionGroup section */
		1ADE9F841EF98E49006C2CAC /* Inbox.xcdatamodeld */ = {
			isa = XCVersionGroup;
			children = (
				1ADE9F851EF98E49006C2CAC /* Inbox.xcdatamodel */,
			);
			currentVersion = 1ADE9F851EF98E49006C2CAC /* Inbox.xcdatamodel */;
			name = Inbox.xcdatamodeld;
			path = Inbox/Inbox.xcdatamodeld;
			sourceTree = "<group>";
			versionGroupType = wrapper.xcdatamodel;
		};
/* End XCVersionGroup section */
	};
	rootObject = 1ADE9F721EF98E46006C2CAC /* Project object */;
}
